
Microsoft Visual Studio Solution File, Format Version 12.00
# Visual Studio Version 17
VisualStudioVersion = 17.5.002.0
MinimumVisualStudioVersion = 10.0.40219.1
Project("{9A19103F-16F7-4668-BE54-9A1E7A4F7556}") = "learningapp", "learningapp.csproj", "{02B41C62-4C7B-4EF5-B421-EA2678F26B9D}"
EndProject
Global
	GlobalSection(SolutionConfigurationPlatforms) = preSolution
		Debug|Any CPU = Debug|Any CPU
		Release|Any CPU = Release|Any CPU
	EndGlobalSection
	GlobalSection(ProjectConfigurationPlatforms) = postSolution
		{02B41C62-4C7B-4EF5-B421-EA2678F26B9D}.Debug|Any CPU.ActiveCfg = Debug|Any CPU
		{02B41C62-4C7B-4EF5-B421-EA2678F26B9D}.Debug|Any CPU.Build.0 = Debug|Any CPU
		{02B41C62-4C7B-4EF5-B421-EA2678F26B9D}.Release|Any CPU.ActiveCfg = Release|Any CPU
		{02B41C62-4C7B-4EF5-B421-EA2678F26B9D}.Release|Any CPU.Build.0 = Release|Any CPU
	EndGlobalSection
	GlobalSection(SolutionProperties) = preSolution
		HideSolutionNode = FALSE
	EndGlobalSection
	GlobalSection(ExtensibilityGlobals) = postSolution
		SolutionGuid = {13BB4EF7-4D58-402F-B35F-F8C1C350C659}
	EndGlobalSection
EndGlobal
